
Microsoft Visual Studio Solution File, Format Version 12.00
# Visual Studio Version 17
VisualStudioVersion = 17.2.32516.85
MinimumVisualStudioVersion = 10.0.40219.1
Project("{FAE04EC0-301F-11D3-BF4B-00C04F79EFBC}") = "Battleship_PDF(3)", "Battleship_PDF(3)\Battleship_PDF(3).csproj", "{72841B7D-5937-4F54-BEFF-41BF84EA3CA4}"
EndProject
Global
	GlobalSection(SolutionConfigurationPlatforms) = preSolution
		Debug|Any CPU = Debug|Any CPU
		Release|Any CPU = Release|Any CPU
	EndGlobalSection
	GlobalSection(ProjectConfigurationPlatforms) = postSolution
		{72841B7D-5937-4F54-BEFF-41BF84EA3CA4}.Debug|Any CPU.ActiveCfg = Debug|Any CPU
		{72841B7D-5937-4F54-BEFF-41BF84EA3CA4}.Debug|Any CPU.Build.0 = Debug|Any CPU
		{72841B7D-5937-4F54-BEFF-41BF84EA3CA4}.Release|Any CPU.ActiveCfg = Release|Any CPU
		{72841B7D-5937-4F54-BEFF-41BF84EA3CA4}.Release|Any CPU.Build.0 = Release|Any CPU
	EndGlobalSection
	GlobalSection(SolutionProperties) = preSolution
		HideSolutionNode = FALSE
	EndGlobalSection
	GlobalSection(ExtensibilityGlobals) = postSolution
		SolutionGuid = {8ABD6DC8-EBB4-4829-9756-2D5DFBB44AF0}
	EndGlobalSection
EndGlobal
